
Microsoft Visual Studio Solution File, Format Version 12.00
# Visual Studio 15
VisualStudioVersion = 15.0.26730.15
MinimumVisualStudioVersion = 10.0.40219.1
Project("{FAE04EC0-301F-11D3-BF4B-00C04F79EFBC}") = "AreaCalculator", "AreaCalculator\AreaCalculator.csproj", "{ABDBF6D2-4DAD-4307-A19F-6DED27FC75E3}"
EndProject
Project("{FAE04EC0-301F-11D3-BF4B-00C04F79EFBC}") = "AreaCalcXUnitTest", "AreaCalcXUnitTest\AreaCalcXUnitTest.csproj", "{E3EBC20C-6F51-4B9F-91FC-28BDD0A8738E}"
EndProject
Global
	GlobalSection(SolutionConfigurationPlatforms) = preSolution
		Debug|Any CPU = Debug|Any CPU
		Release|Any CPU = Release|Any CPU
	EndGlobalSection
	GlobalSection(ProjectConfigurationPlatforms) = postSolution
		{ABDBF6D2-4DAD-4307-A19F-6DED27FC75E3}.Debug|Any CPU.ActiveCfg = Debug|Any CPU
		{ABDBF6D2-4DAD-4307-A19F-6DED27FC75E3}.Debug|Any CPU.Build.0 = Debug|Any CPU
		{ABDBF6D2-4DAD-4307-A19F-6DED27FC75E3}.Release|Any CPU.ActiveCfg = Release|Any CPU
		{ABDBF6D2-4DAD-4307-A19F-6DED27FC75E3}.Release|Any CPU.Build.0 = Release|Any CPU
		{E3EBC20C-6F51-4B9F-91FC-28BDD0A8738E}.Debug|Any CPU.ActiveCfg = Debug|Any CPU
		{E3EBC20C-6F51-4B9F-91FC-28BDD0A8738E}.Debug|Any CPU.Build.0 = Debug|Any CPU
		{E3EBC20C-6F51-4B9F-91FC-28BDD0A8738E}.Release|Any CPU.ActiveCfg = Release|Any CPU
		{E3EBC20C-6F51-4B9F-91FC-28BDD0A8738E}.Release|Any CPU.Build.0 = Release|Any CPU
	EndGlobalSection
	GlobalSection(SolutionProperties) = preSolution
		HideSolutionNode = FALSE
	EndGlobalSection
	GlobalSection(ExtensibilityGlobals) = postSolution
		SolutionGuid = {DC6E5496-F68D-4C36-A6CB-8B4F1DA0DB12}
	EndGlobalSection
EndGlobal
